schema: '2.0'
stages:
  download_data:
    cmd: python dags/src/download_data.py
    deps:
    - path: dags/src/download_data.py
      hash: md5
      md5: decfb6ebc66e80f7499ec5f7086e8eab
      size: 6267
    outs:
    - path: dags/data/merged_original_dataset.csv
      hash: md5
      md5: b2b9bc7f32346df320038efb92b58976
      size: 5796288
  handle_missing_data:
    cmd: python dags/src/handle_missing.py
    deps:
    - path: dags/data/ADS_index.csv
      hash: md5
      md5: 6f21deb251577e14acc627a0d4f4bc60
      size: 503668
    - path: dags/data/fama_french.csv
      hash: md5
      md5: 0c090d29ef93a65dd77f61e788de1d82
      size: 986718
    - path: dags/src/handle_missing.py
      hash: md5
      md5: 8c8181058c73ce54b1c2982e03f4267f
      size: 1910
  correlation_analysis:
    cmd: python  dags/src/correlation.py
    deps:
    - path: dags/src/correlation.py
      hash: md5
      md5: 07af3e996f661ffb676df05509346b68
      size: 3290
    outs:
    - path: artifacts/correlation_matrix_after_removing_correlated_features.png
      hash: md5
      md5: 1c951a8e3e735df417f57de6f226f218
      size: 141802
  pca_analysis:
    cmd: python  dags/src/pca.py
    deps:
    - path: dags/src/pca.py
      hash: md5
      md5: 38ed3c21d9f85c42a95057bebce6978d
      size: 3947
    outs:
    - path: artifacts/pca_components.png
      hash: md5
      md5: 0deccfef634df5bcbe0f8b7df7e8df55
      size: 130657
  plot_time_series:
    cmd: python  dags/src/plot_yfinance_time_series.py
    deps:
    - path: dags/src/plot_yfinance_time_series.py
      hash: md5
      md5: 25129620bee38135338f3e735506ce2a
      size: 2339
    outs:
    - path: artifacts/yfinance_time_series.png
      hash: md5
      md5: 7e5c23a371fa23c7894502a1c2a713ca
      size: 308993
